
Microsoft Visual Studio Solution File, Format Version 12.00
# Visual Studio Version 16
VisualStudioVersion = 16.0.31424.327
MinimumVisualStudioVersion = 10.0.40219.1
Project("{9A19103F-16F7-4668-BE54-9A1E7A4F7556}") = "DotNet.Grpc.Server", "src\DotNet.Grpc.Server\DotNet.Grpc.Server.csproj", "{1FEBE544-F70E-4B41-8FF3-D46A4A4E0CF6}"
EndProject
Project("{9A19103F-16F7-4668-BE54-9A1E7A4F7556}") = "DotNet.Grpc.Client.ConsoleApp", "src\DotNet.Grpc.Client.ConsoleApp\DotNet.Grpc.Client.ConsoleApp.csproj", "{9018F0FB-E5DA-4DE9-A8D1-A24B72C1F470}"
EndProject
Global
	GlobalSection(SolutionConfigurationPlatforms) = preSolution
		Debug|Any CPU = Debug|Any CPU
		Release|Any CPU = Release|Any CPU
	EndGlobalSection
	GlobalSection(ProjectConfigurationPlatforms) = postSolution
		{1FEBE544-F70E-4B41-8FF3-D46A4A4E0CF6}.Debug|Any CPU.ActiveCfg = Debug|Any CPU
		{1FEBE544-F70E-4B41-8FF3-D46A4A4E0CF6}.Debug|Any CPU.Build.0 = Debug|Any CPU
		{1FEBE544-F70E-4B41-8FF3-D46A4A4E0CF6}.Release|Any CPU.ActiveCfg = Release|Any CPU
		{1FEBE544-F70E-4B41-8FF3-D46A4A4E0CF6}.Release|Any CPU.Build.0 = Release|Any CPU
		{9018F0FB-E5DA-4DE9-A8D1-A24B72C1F470}.Debug|Any CPU.ActiveCfg = Debug|Any CPU
		{9018F0FB-E5DA-4DE9-A8D1-A24B72C1F470}.Debug|Any CPU.Build.0 = Debug|Any CPU
		{9018F0FB-E5DA-4DE9-A8D1-A24B72C1F470}.Release|Any CPU.ActiveCfg = Release|Any CPU
		{9018F0FB-E5DA-4DE9-A8D1-A24B72C1F470}.Release|Any CPU.Build.0 = Release|Any CPU
	EndGlobalSection
	GlobalSection(SolutionProperties) = preSolution
		HideSolutionNode = FALSE
	EndGlobalSection
	GlobalSection(ExtensibilityGlobals) = postSolution
		SolutionGuid = {ADD25A45-9300-49B5-8CFF-D44AA2E11999}
	EndGlobalSection
EndGlobal
